
Microsoft Visual Studio Solution File, Format Version 12.00
# Visual Studio Version 16
VisualStudioVersion = 16.0.33529.622
MinimumVisualStudioVersion = 10.0.40219.1
Project("{FAE04EC0-301F-11D3-BF4B-00C04F79EFBC}") = "api.image.upload.azure.blob", "api.image.upload.azure.blob\api.image.upload.azure.blob.csproj", "{F042079A-FE4D-4750-9500-A47AACA80FE1}"
EndProject
Global
	GlobalSection(SolutionConfigurationPlatforms) = preSolution
		Debug|Any CPU = Debug|Any CPU
		Release|Any CPU = Release|Any CPU
	EndGlobalSection
	GlobalSection(ProjectConfigurationPlatforms) = postSolution
		{F042079A-FE4D-4750-9500-A47AACA80FE1}.Debug|Any CPU.ActiveCfg = Debug|Any CPU
		{F042079A-FE4D-4750-9500-A47AACA80FE1}.Debug|Any CPU.Build.0 = Debug|Any CPU
		{F042079A-FE4D-4750-9500-A47AACA80FE1}.Release|Any CPU.ActiveCfg = Release|Any CPU
		{F042079A-FE4D-4750-9500-A47AACA80FE1}.Release|Any CPU.Build.0 = Release|Any CPU
	EndGlobalSection
	GlobalSection(SolutionProperties) = preSolution
		HideSolutionNode = FALSE
	EndGlobalSection
	GlobalSection(ExtensibilityGlobals) = postSolution
		SolutionGuid = {ECB40044-1572-438F-8ADF-8D05146DACA5}
	EndGlobalSection
EndGlobal
